
Microsoft Visual Studio Solution File, Format Version 12.00
# Visual Studio Version 16
VisualStudioVersion = 16.0.31105.61
MinimumVisualStudioVersion = 10.0.40219.1
Project("{9A19103F-16F7-4668-BE54-9A1E7A4F7556}") = "GameClient", "GameClient\GameClient.csproj", "{438D1285-7EEA-49A6-8874-D19FFCB01A89}"
EndProject
Project("{FAE04EC0-301F-11D3-BF4B-00C04F79EFBC}") = "GameServer", "GameServer\GameServer.csproj", "{895D3E95-08D6-4DA5-8CF7-3F76BB5010F0}"
EndProject
Global
	GlobalSection(SolutionConfigurationPlatforms) = preSolution
		Debug|Any CPU = Debug|Any CPU
		Debug|x64 = Debug|x64
		Release|Any CPU = Release|Any CPU
		Release|x64 = Release|x64
	EndGlobalSection
	GlobalSection(ProjectConfigurationPlatforms) = postSolution
		{438D1285-7EEA-49A6-8874-D19FFCB01A89}.Debug|Any CPU.ActiveCfg = Debug|Any CPU
		{438D1285-7EEA-49A6-8874-D19FFCB01A89}.Debug|Any CPU.Build.0 = Debug|Any CPU
		{438D1285-7EEA-49A6-8874-D19FFCB01A89}.Debug|x64.ActiveCfg = Debug|x64
		{438D1285-7EEA-49A6-8874-D19FFCB01A89}.Debug|x64.Build.0 = Debug|x64
		{438D1285-7EEA-49A6-8874-D19FFCB01A89}.Release|Any CPU.ActiveCfg = Release|Any CPU
		{438D1285-7EEA-49A6-8874-D19FFCB01A89}.Release|Any CPU.Build.0 = Release|Any CPU
		{438D1285-7EEA-49A6-8874-D19FFCB01A89}.Release|x64.ActiveCfg = Release|x64
		{438D1285-7EEA-49A6-8874-D19FFCB01A89}.Release|x64.Build.0 = Release|x64
		{895D3E95-08D6-4DA5-8CF7-3F76BB5010F0}.Debug|Any CPU.ActiveCfg = Debug|Any CPU
		{895D3E95-08D6-4DA5-8CF7-3F76BB5010F0}.Debug|Any CPU.Build.0 = Debug|Any CPU
		{895D3E95-08D6-4DA5-8CF7-3F76BB5010F0}.Debug|x64.ActiveCfg = Debug|Any CPU
		{895D3E95-08D6-4DA5-8CF7-3F76BB5010F0}.Debug|x64.Build.0 = Debug|Any CPU
		{895D3E95-08D6-4DA5-8CF7-3F76BB5010F0}.Release|Any CPU.ActiveCfg = Release|Any CPU
		{895D3E95-08D6-4DA5-8CF7-3F76BB5010F0}.Release|Any CPU.Build.0 = Release|Any CPU
		{895D3E95-08D6-4DA5-8CF7-3F76BB5010F0}.Release|x64.ActiveCfg = Release|Any CPU
		{895D3E95-08D6-4DA5-8CF7-3F76BB5010F0}.Release|x64.Build.0 = Release|Any CPU
	EndGlobalSection
	GlobalSection(SolutionProperties) = preSolution
		HideSolutionNode = FALSE
	EndGlobalSection
	GlobalSection(ExtensibilityGlobals) = postSolution
		SolutionGuid = {634C6F00-58A8-46CD-A1BF-B2C6088410B9}
	EndGlobalSection
EndGlobal
